
Microsoft Visual Studio Solution File, Format Version 12.00
# Visual Studio Version 16
VisualStudioVersion = 16.0.30204.135
MinimumVisualStudioVersion = 10.0.40219.1
Project("{FAE04EC0-301F-11D3-BF4B-00C04F79EFBC}") = "automobile", "automobile.csproj", "{ADA32084-490D-4FBF-9EEB-D70AC29F8102}"
EndProject
Global
	GlobalSection(SolutionConfigurationPlatforms) = preSolution
		Debug|Any CPU = Debug|Any CPU
		Release|Any CPU = Release|Any CPU
	EndGlobalSection
	GlobalSection(ProjectConfigurationPlatforms) = postSolution
		{ADA32084-490D-4FBF-9EEB-D70AC29F8102}.Debug|Any CPU.ActiveCfg = Debug|Any CPU
		{ADA32084-490D-4FBF-9EEB-D70AC29F8102}.Debug|Any CPU.Build.0 = Debug|Any CPU
		{ADA32084-490D-4FBF-9EEB-D70AC29F8102}.Release|Any CPU.ActiveCfg = Release|Any CPU
		{ADA32084-490D-4FBF-9EEB-D70AC29F8102}.Release|Any CPU.Build.0 = Release|Any CPU
	EndGlobalSection
	GlobalSection(SolutionProperties) = preSolution
		HideSolutionNode = FALSE
	EndGlobalSection
	GlobalSection(ExtensibilityGlobals) = postSolution
		SolutionGuid = {FF00AF48-A179-4610-9ECA-B0DE0C69B801}
	EndGlobalSection
EndGlobal
